# This file is automatically @generated by Cargo.
# It is not intended for manual editing.
version = 4

[[package]]
name = "shiranami-audio"
version = "2.0.0-alpha.0"
dependencies = [
 "shiranami-core",
]

[[package]]
name = "shiranami-core"
version = "2.0.0-alpha.0"

[[package]]
name = "shiranami-db"
version = "2.0.0-alpha.0"
dependencies = [
 "shiranami-core",
]

[[package]]
name = "shiranami-downloader"
version = "2.0.0-alpha.0"
dependencies = [
 "shiranami-core",
 "shiranami-db",
 "shiranami-net",
]

[[package]]
name = "shiranami-integrations"
version = "2.0.0-alpha.0"
dependencies = [
 "shiranami-core",
 "shiranami-db",
 "shiranami-net",
]

[[package]]
name = "shiranami-library"
version = "2.0.0-alpha.0"
dependencies = [
 "shiranami-core",
 "shiranami-db",
 "shiranami-metadata",
]

[[package]]
name = "shiranami-media-controls"
version = "2.0.0-alpha.0"
dependencies = [
 "shiranami-core",
]

[[package]]
name = "shiranami-metadata"
version = "2.0.0-alpha.0"
dependencies = [
 "shiranami-core",
 "shiranami-net",
]

[[package]]
name = "shiranami-net"
version = "2.0.0-alpha.0"
dependencies = [
 "shiranami-core",
]

[[package]]
name = "shiranami-recommendation"
version = "2.0.0-alpha.0"
dependencies = [
 "shiranami-core",
 "shiranami-db",
 "shiranami-downloader",
]

[[package]]
name = "shiranami-serve"
version = "2.0.0-alpha.0"
dependencies = [
 "shiranami-core",
 "shiranami-net",
]
